// !$*UTF8*$!
{
	archiveVersion = 1;
	classes = {
	};
	objectVersion = 46;
	objects = {

/* Begin PBXBuildFile section */
		7A7C1FD5160701B000ECB6C4 /* UIKit.framework in Frameworks */ = {isa = PBXBuildFile; fileRef = 7A7C1FD4160701B000ECB6C4 /* UIKit.framework */; };
		7A7C1FD7160701B000ECB6C4 /* Foundation.framework in Frameworks */ = {isa = PBXBuildFile; fileRef = 7A7C1FD6160701B000ECB6C4 /* Foundation.framework */; };
		7A7C1FD9160701B000ECB6C4 /* CoreGraphics.framework in Frameworks */ = {isa = PBXBuildFile; fileRef = 7A7C1FD8160701B000ECB6C4 /* CoreGraphics.framework */; };
		7A7C1FDF160701B000ECB6C4 /* InfoPlist.strings in Resources */ = {isa = PBXBuildFile; fileRef = 7A7C1FDD160701B000ECB6C4 /* InfoPlist.strings */; };
		7A7C1FE1160701B000ECB6C4 /* main.m in Sources */ = {isa = PBXBuildFile; fileRef = 7A7C1FE0160701B000ECB6C4 /* main.m */; };
		7A7C1FE5160701B000ECB6C4 /* AppDelegate.m in Sources */ = {isa = PBXBuildFile; fileRef = 7A7C1FE4160701B000ECB6C4 /* AppDelegate.m */; };
		7A7C1FE8160701B000ECB6C4 /* MainStoryboard_iPhone.storyboard in Resources */ = {isa = PBXBuildFile; fileRef = 7A7C1FE6160701B000ECB6C4 /* MainStoryboard_iPhone.storyboard */; };
		7A7C1FEB160701B000ECB6C4 /* MainStoryboard_iPad.storyboard in Resources */ = {isa = PBXBuildFile; fileRef = 7A7C1FE9160701B000ECB6C4 /* MainStoryboard_iPad.storyboard */; };
		7A7C1FEE160701B000ECB6C4 /* ViewController.m in Sources */ = {isa = PBXBuildFile; fileRef = 7A7C1FED160701B000ECB6C4 /* ViewController.m */; };
		7A7C1FF6160701B000ECB6C4 /* SenTestingKit.framework in Frameworks */ = {isa = PBXBuildFile; fileRef = 7A7C1FF5160701B000ECB6C4 /* SenTestingKit.framework */; };
		7A7C1FF7160701B000ECB6C4 /* UIKit.framework in Frameworks */ = {isa = PBXBuildFile; fileRef = 7A7C1FD4160701B000ECB6C4 /* UIKit.framework */; };
		7A7C1FF8160701B000ECB6C4 /* Foundation.framework in Frameworks */ = {isa = PBXBuildFile; fileRef = 7A7C1FD6160701B000ECB6C4 /* Foundation.framework */; };
		7A7C2000160701B000ECB6C4 /* InfoPlist.strings in Resources */ = {isa = PBXBuildFile; fileRef = 7A7C1FFE160701B000ECB6C4 /* InfoPlist.strings */; };
		7A7C2003160701B000ECB6C4 /* PushTestTests.m in Sources */ = {isa = PBXBuildFile; fileRef = 7A7C2002160701B000ECB6C4 /* PushTestTests.m */; };
/* End PBXBuildFile section */

/* Begin PBXContainerItemProxy section */
		7A7C1FF9160701B000ECB6C4 /* PBXContainerItemProxy */ = {
			isa = PBXContainerItemProxy;
			containerPortal = 7A7C1FC7160701AF00ECB6C4 /* Project object */;
			proxyType = 1;
			remoteGlobalIDString = 7A7C1FCF160701B000ECB6C4;
			remoteInfo = PushTest;
		};
/* End PBXContainerItemProxy section */

/* Begin PBXFileReference section */
		7A7C1FD0160701B000ECB6C4 /* PushTest.app */ = {isa = PBXFileReference; explicitFileType = wrapper.application; includeInIndex = 0; path = PushTest.app; sourceTree = BUILT_PRODUCTS_DIR; };
		7A7C1FD4160701B000ECB6C4 /* UIKit.framework */ = {isa = PBXFileReference; lastKnownFileType = wrapper.framework; name = UIKit.framework; path = System/Library/Frameworks/UIKit.framework; sourceTree = SDKROOT; };
		7A7C1FD6160701B000ECB6C4 /* Foundation.framework */ = {isa = PBXFileReference; lastKnownFileType = wrapper.framework; name = Foundation.framework; path = System/Library/Frameworks/Foundation.framework; sourceTree = SDKROOT; };
		7A7C1FD8160701B000ECB6C4 /* CoreGraphics.framework */ = {isa = PBXFileReference; lastKnownFileType = wrapper.framework; name = CoreGraphics.framework; path = System/Library/Frameworks/CoreGraphics.framework; sourceTree = SDKROOT; };
		7A7C1FDC160701B000ECB6C4 /* PushTest-Info.plist */ = {isa = PBXFileReference; lastKnownFileType = text.plist.xml; path = "PushTest-Info.plist"; sourceTree = "<group>"; };
		7A7C1FDE160701B000ECB6C4 /* en */ = {isa = PBXFileReference; lastKnownFileType = text.plist.strings; name = en; path = en.lproj/InfoPlist.strings; sourceTree = "<group>"; };
		7A7C1FE0160701B000ECB6C4 /* main.m */ = {isa = PBXFileReference; lastKnownFileType = sourcecode.c.objc; path = main.m; sourceTree = "<group>"; };
		7A7C1FE2160701B000ECB6C4 /* PushTest-Prefix.pch */ = {isa = PBXFileReference; lastKnownFileType = sourcecode.c.h; path = "PushTest-Prefix.pch"; sourceTree = "<group>"; };
		7A7C1FE3160701B000ECB6C4 /* AppDelegate.h */ = {isa = PBXFileReference; lastKnownFileType = sourcecode.c.h; path = AppDelegate.h; sourceTree = "<group>"; };
		7A7C1FE4160701B000ECB6C4 /* AppDelegate.m */ = {isa = PBXFileReference; lastKnownFileType = sourcecode.c.objc; path = AppDelegate.m; sourceTree = "<group>"; };
		7A7C1FE7160701B000ECB6C4 /* en */ = {isa = PBXFileReference; lastKnownFileType = file.storyboard; name = en; path = en.lproj/MainStoryboard_iPhone.storyboard; sourceTree = "<group>"; };
		7A7C1FEA160701B000ECB6C4 /* en */ = {isa = PBXFileReference; lastKnownFileType = file.storyboard; name = en; path = en.lproj/MainStoryboard_iPad.storyboard; sourceTree = "<group>"; };
		7A7C1FEC160701B000ECB6C4 /* ViewController.h */ = {isa = PBXFileReference; lastKnownFileType = sourcecode.c.h; path = ViewController.h; sourceTree = "<group>"; };
		7A7C1FED160701B000ECB6C4 /* ViewController.m */ = {isa = PBXFileReference; lastKnownFileType = sourcecode.c.objc; path = ViewController.m; sourceTree = "<group>"; };
		7A7C1FF4160701B000ECB6C4 /* PushTestTests.octest */ = {isa = PBXFileReference; explicitFileType = wrapper.cfbundle; includeInIndex = 0; path = PushTestTests.octest; sourceTree = BUILT_PRODUCTS_DIR; };
		7A7C1FF5160701B000ECB6C4 /* SenTestingKit.framework */ = {isa = PBXFileReference; lastKnownFileType = wrapper.framework; name = SenTestingKit.framework; path = Library/Frameworks/SenTestingKit.framework; sourceTree = DEVELOPER_DIR; };
		7A7C1FFD160701B000ECB6C4 /* PushTestTests-Info.plist */ = {isa = PBXFileReference; lastKnownFileType = text.plist.xml; path = "PushTestTests-Info.plist"; sourceTree = "<group>"; };
		7A7C1FFF160701B000ECB6C4 /* en */ = {isa = PBXFileReference; lastKnownFileType = text.plist.strings; name = en; path = en.lproj/InfoPlist.strings; sourceTree = "<group>"; };
		7A7C2001160701B000ECB6C4 /* PushTestTests.h */ = {isa = PBXFileReference; lastKnownFileType = sourcecode.c.h; path = PushTestTests.h; sourceTree = "<group>"; };
		7A7C2002160701B000ECB6C4 /* PushTestTests.m */ = {isa = PBXFileReference; lastKnownFileType = sourcecode.c.objc; path = PushTestTests.m; sourceTree = "<group>"; };
/* End PBXFileReference section */

/* Begin PBXFrameworksBuildPhase section */
		7A7C1FCD160701B000ECB6C4 /* Frameworks */ = {
			isa = PBXFrameworksBuildPhase;
			buildActionMask = 2147483647;
			files = (
				7A7C1FD5160701B000ECB6C4 /* UIKit.framework in Frameworks */,
				7A7C1FD7160701B000ECB6C4 /* Foundation.framework in Frameworks */,
				7A7C1FD9160701B000ECB6C4 /* CoreGraphics.framework in Frameworks */,
			);
			runOnlyForDeploymentPostprocessing = 0;
		};
		7A7C1FF0160701B000ECB6C4 /* Frameworks */ = {
			isa = PBXFrameworksBuildPhase;
			buildActionMask = 2147483647;
			files = (
				7A7C1FF6160701B000ECB6C4 /* SenTestingKit.framework in Frameworks */,
				7A7C1FF7160701B000ECB6C4 /* UIKit.framework in Frameworks */,
				7A7C1FF8160701B000ECB6C4 /* Foundation.framework in Frameworks */,
			);
			runOnlyForDeploymentPostprocessing = 0;
		};
/* End PBXFrameworksBuildPhase section */

/* Begin PBXGroup section */
		7A7C1FC5160701AF00ECB6C4 = {
			isa = PBXGroup;
			children = (
				7A7C1FDA160701B000ECB6C4 /* PushTest */,
				7A7C1FFB160701B000ECB6C4 /* PushTestTests */,
				7A7C1FD3160701B000ECB6C4 /* Frameworks */,
				7A7C1FD1160701B000ECB6C4 /* Products */,
			);
			sourceTree = "<group>";
		};
		7A7C1FD1160701B000ECB6C4 /* Products */ = {
			isa = PBXGroup;
			children = (
				7A7C1FD0160701B000ECB6C4 /* PushTest.app */,
				7A7C1FF4160701B000ECB6C4 /* PushTestTests.octest */,
			);
			name = Products;
			sourceTree = "<group>";
		};
		7A7C1FD3160701B000ECB6C4 /* Frameworks */ = {
			isa = PBXGroup;
			children = (
				7A7C1FD4160701B000ECB6C4 /* UIKit.framework */,
				7A7C1FD6160701B000ECB6C4 /* Foundation.framework */,
				7A7C1FD8160701B000ECB6C4 /* CoreGraphics.framework */,
				7A7C1FF5160701B000ECB6C4 /* SenTestingKit.framework */,
			);
			name = Frameworks;
			sourceTree = "<group>";
		};
		7A7C1FDA160701B000ECB6C4 /* PushTest */ = {
			isa = PBXGroup;
			children = (
				7A7C1FE3160701B000ECB6C4 /* AppDelegate.h */,
				7A7C1FE4160701B000ECB6C4 /* AppDelegate.m */,
				7A7C1FE6160701B000ECB6C4 /* MainStoryboard_iPhone.storyboard */,
				7A7C1FE9160701B000ECB6C4 /* MainStoryboard_iPad.storyboard */,
				7A7C1FEC160701B000ECB6C4 /* ViewController.h */,
				7A7C1FED160701B000ECB6C4 /* ViewController.m */,
				7A7C1FDB160701B000ECB6C4 /* Supporting Files */,
			);
			path = PushTest;
			sourceTree = "<group>";
		};
		7A7C1FDB160701B000ECB6C4 /* Supporting Files */ = {
			isa = PBXGroup;
			children = (
				7A7C1FDC160701B000ECB6C4 /* PushTest-Info.plist */,
				7A7C1FDD160701B000ECB6C4 /* InfoPlist.strings */,
				7A7C1FE0160701B000ECB6C4 /* main.m */,
				7A7C1FE2160701B000ECB6C4 /* PushTest-Prefix.pch */,
			);
			name = "Supporting Files";
			sourceTree = "<group>";
		};
		7A7C1FFB160701B000ECB6C4 /* PushTestTests */ = {
			isa = PBXGroup;
			children = (
				7A7C2001160701B000ECB6C4 /* PushTestTests.h */,
				7A7C2002160701B000ECB6C4 /* PushTestTests.m */,
				7A7C1FFC160701B000ECB6C4 /* Supporting Files */,
			);
			path = PushTestTests;
			sourceTree = "<group>";
		};
		7A7C1FFC160701B000ECB6C4 /* Supporting Files */ = {
			isa = PBXGroup;
			children = (
				7A7C1FFD160701B000ECB6C4 /* PushTestTests-Info.plist */,
				7A7C1FFE160701B000ECB6C4 /* InfoPlist.strings */,
			);
			name = "Supporting Files";
			sourceTree = "<group>";
		};
/* End PBXGroup section */

/* Begin PBXNativeTarget section */
		7A7C1FCF160701B000ECB6C4 /* PushTest */ = {
			isa = PBXNativeTarget;
			buildConfigurationList = 7A7C2006160701B000ECB6C4 /* Build configuration list for PBXNativeTarget "PushTest" */;
			buildPhases = (
				7A7C1FCC160701B000ECB6C4 /* Sources */,
				7A7C1FCD160701B000ECB6C4 /* Frameworks */,
				7A7C1FCE160701B000ECB6C4 /* Resources */,
			);
			buildRules = (
			);
			dependencies = (
			);
			name = PushTest;
			productName = PushTest;
			productReference = 7A7C1FD0160701B000ECB6C4 /* PushTest.app */;
			productType = "com.apple.product-type.application";
		};
		7A7C1FF3160701B000ECB6C4 /* PushTestTests */ = {
			isa = PBXNativeTarget;
			buildConfigurationList = 7A7C2009160701B000ECB6C4 /* Build configuration list for PBXNativeTarget "PushTestTests" */;
			buildPhases = (
				7A7C1FEF160701B000ECB6C4 /* Sources */,
				7A7C1FF0160701B000ECB6C4 /* Frameworks */,
				7A7C1FF1160701B000ECB6C4 /* Resources */,
				7A7C1FF2160701B000ECB6C4 /* ShellScript */,
			);
			buildRules = (
			);
			dependencies = (
				7A7C1FFA160701B000ECB6C4 /* PBXTargetDependency */,
			);
			name = PushTestTests;
			productName = PushTestTests;
			productReference = 7A7C1FF4160701B000ECB6C4 /* PushTestTests.octest */;
			productType = "com.apple.product-type.bundle";
		};
/* End PBXNativeTarget section */

/* Begin PBXProject section */
		7A7C1FC7160701AF00ECB6C4 /* Project object */ = {
			isa = PBXProject;
			attributes = {
				LastUpgradeCheck = 0440;
				ORGANIZATIONNAME = "JEONG YOUN KIM";
			};
			buildConfigurationList = 7A7C1FCA160701AF00ECB6C4 /* Build configuration list for PBXProject "PushTest" */;
			compatibilityVersion = "Xcode 3.2";
			developmentRegion = English;
			hasScannedForEncodings = 0;
			knownRegions = (
				en,
			);
			mainGroup = 7A7C1FC5160701AF00ECB6C4;
			productRefGroup = 7A7C1FD1160701B000ECB6C4 /* Products */;
			projectDirPath = "";
			projectRoot = "";
			targets = (
				7A7C1FCF160701B000ECB6C4 /* PushTest */,
				7A7C1FF3160701B000ECB6C4 /* PushTestTests */,
			);
		};
/* End PBXProject section */

/* Begin PBXResourcesBuildPhase section */
		7A7C1FCE160701B000ECB6C4 /* Resources */ = {
			isa = PBXResourcesBuildPhase;
			buildActionMask = 2147483647;
			files = (
				7A7C1FDF160701B000ECB6C4 /* InfoPlist.strings in Resources */,
				7A7C1FE8160701B000ECB6C4 /* MainStoryboard_iPhone.storyboard in Resources */,
				7A7C1FEB160701B000ECB6C4 /* MainStoryboard_iPad.storyboard in Resources */,
			);
			runOnlyForDeploymentPostprocessing = 0;
		};
		7A7C1FF1160701B000ECB6C4 /* Resources */ = {
			isa = PBXResourcesBuildPhase;
			buildActionMask = 2147483647;
			files = (
				7A7C2000160701B000ECB6C4 /* InfoPlist.strings in Resources */,
			);
			runOnlyForDeploymentPostprocessing = 0;
		};
/* End PBXResourcesBuildPhase section */

/* Begin PBXShellScriptBuildPhase section */
		7A7C1FF2160701B000ECB6C4 /* ShellScript */ = {
			isa = PBXShellScriptBuildPhase;
			buildActionMask = 2147483647;
			files = (
			);
			inputPaths = (
			);
			outputPaths = (
			);
			runOnlyForDeploymentPostprocessing = 0;
			shellPath = /bin/sh;
			shellScript = "# Run the unit tests in this test bundle.\n\"${SYSTEM_DEVELOPER_DIR}/Tools/RunUnitTests\"\n";
		};
/* End PBXShellScriptBuildPhase section */

/* Begin PBXSourcesBuildPhase section */
		7A7C1FCC160701B000ECB6C4 /* Sources */ = {
			isa = PBXSourcesBuildPhase;
			buildActionMask = 2147483647;
			files = (
				7A7C1FE1160701B000ECB6C4 /* main.m in Sources */,
				7A7C1FE5160701B000ECB6C4 /* AppDelegate.m in Sources */,
				7A7C1FEE160701B000ECB6C4 /* ViewController.m in Sources */,
			);
			runOnlyForDeploymentPostprocessing = 0;
		};
		7A7C1FEF160701B000ECB6C4 /* Sources */ = {
			isa = PBXSourcesBuildPhase;
			buildActionMask = 2147483647;
			files = (
				7A7C2003160701B000ECB6C4 /* PushTestTests.m in Sources */,
			);
			runOnlyForDeploymentPostprocessing = 0;
		};
/* End PBXSourcesBuildPhase section */

/* Begin PBXTargetDependency section */
		7A7C1FFA160701B000ECB6C4 /* PBXTargetDependency */ = {
			isa = PBXTargetDependency;
			target = 7A7C1FCF160701B000ECB6C4 /* PushTest */;
			targetProxy = 7A7C1FF9160701B000ECB6C4 /* PBXContainerItemProxy */;
		};
/* End PBXTargetDependency section */

/* Begin PBXVariantGroup section */
		7A7C1FDD160701B000ECB6C4 /* InfoPlist.strings */ = {
			isa = PBXVariantGroup;
			children = (
				7A7C1FDE160701B000ECB6C4 /* en */,
			);
			name = InfoPlist.strings;
			sourceTree = "<group>";
		};
		7A7C1FE6160701B000ECB6C4 /* MainStoryboard_iPhone.storyboard */ = {
			isa = PBXVariantGroup;
			children = (
				7A7C1FE7160701B000ECB6C4 /* en */,
			);
			name = MainStoryboard_iPhone.storyboard;
			sourceTree = "<group>";
		};
		7A7C1FE9160701B000ECB6C4 /* MainStoryboard_iPad.storyboard */ = {
			isa = PBXVariantGroup;
			children = (
				7A7C1FEA160701B000ECB6C4 /* en */,
			);
			name = MainStoryboard_iPad.storyboard;
			sourceTree = "<group>";
		};
		7A7C1FFE160701B000ECB6C4 /* InfoPlist.strings */ = {
			isa = PBXVariantGroup;
			children = (
				7A7C1FFF160701B000ECB6C4 /* en */,
			);
			name = InfoPlist.strings;
			sourceTree = "<group>";
		};
/* End PBXVariantGroup section */

/* Begin XCBuildConfiguration section */
		7A7C2004160701B000ECB6C4 /* Debug */ = {
			isa = XCBuildConfiguration;
			buildSettings = {
				ALWAYS_SEARCH_USER_PATHS = NO;
				ARCHS = "$(ARCHS_STANDARD_32_BIT)";
				CLANG_CXX_LANGUAGE_STANDARD = "gnu++0x";
				CLANG_ENABLE_OBJC_ARC = YES;
				CLANG_WARN__DUPLICATE_METHOD_MATCH = YES;
				CODE_SIGN_IDENTITY = "iPhone Developer: JEONG YOUN KIM (SPY97Y4798)";
				"CODE_SIGN_IDENTITY[sdk=iphoneos*]" = "iPhone Developer";
				COPY_PHASE_STRIP = NO;
				GCC_C_LANGUAGE_STANDARD = gnu99;
				GCC_DYNAMIC_NO_PIC = NO;
				GCC_OPTIMIZATION_LEVEL = 0;
				GCC_PREPROCESSOR_DEFINITIONS = (
					"DEBUG=1",
					"$(inherited)",
				);
				GCC_SYMBOLS_PRIVATE_EXTERN = NO;
				GCC_VERSION = com.apple.compilers.llvm.clang.1_0;
				GCC_WARN_ABOUT_RETURN_TYPE = YES;
				GCC_WARN_UNINITIALIZED_AUTOS = YES;
				GCC_WARN_UNUSED_VARIABLE = YES;
				IPHONEOS_DEPLOYMENT_TARGET = 5.1;
				PROVISIONING_PROFILE = "335D7781-6014-4D13-8922-AC38C54DDDB5";
				SDKROOT = iphoneos;
				TARGETED_DEVICE_FAMILY = "1,2";
			};
			name = Debug;
		};
		7A7C2005160701B000ECB6C4 /* Release */ = {
			isa = XCBuildConfiguration;
			buildSettings = {
				ALWAYS_SEARCH_USER_PATHS = NO;
				ARCHS = "$(ARCHS_STANDARD_32_BIT)";
				CLANG_CXX_LANGUAGE_STANDARD = "gnu++0x";
				CLANG_ENABLE_OBJC_ARC = YES;
				CLANG_WARN__DUPLICATE_METHOD_MATCH = YES;
				CODE_SIGN_IDENTITY = "iPhone Developer: JEONG YOUN KIM (SPY97Y4798)";
				"CODE_SIGN_IDENTITY[sdk=iphoneos*]" = "iPhone Developer";
				COPY_PHASE_STRIP = YES;
				GCC_C_LANGUAGE_STANDARD = gnu99;
				GCC_VERSION = com.apple.compilers.llvm.clang.1_0;
				GCC_WARN_ABOUT_RETURN_TYPE = YES;
				GCC_WARN_UNINITIALIZED_AUTOS = YES;
				GCC_WARN_UNUSED_VARIABLE = YES;
				IPHONEOS_DEPLOYMENT_TARGET = 5.1;
				OTHER_CFLAGS = "-DNS_BLOCK_ASSERTIONS=1";
				PROVISIONING_PROFILE = "335D7781-6014-4D13-8922-AC38C54DDDB5";
				SDKROOT = iphoneos;
				TARGETED_DEVICE_FAMILY = "1,2";
				VALIDATE_PRODUCT = YES;
			};
			name = Release;
		};
		7A7C2007160701B000ECB6C4 /* Debug */ = {
			isa = XCBuildConfiguration;
			buildSettings = {
				GCC_PRECOMPILE_PREFIX_HEADER = YES;
				GCC_PREFIX_HEADER = "PushTest/PushTest-Prefix.pch";
				INFOPLIST_FILE = "PushTest/PushTest-Info.plist";
				IPHONEOS_DEPLOYMENT_TARGET = 6.0;
				PRODUCT_NAME = "$(TARGET_NAME)";
				WRAPPER_EXTENSION = app;
			};
			name = Debug;
		};
		7A7C2008160701B000ECB6C4 /* Release */ = {
			isa = XCBuildConfiguration;
			buildSettings = {
				GCC_PRECOMPILE_PREFIX_HEADER = YES;
				GCC_PREFIX_HEADER = "PushTest/PushTest-Prefix.pch";
				INFOPLIST_FILE = "PushTest/PushTest-Info.plist";
				IPHONEOS_DEPLOYMENT_TARGET = 6.0;
				PRODUCT_NAME = "$(TARGET_NAME)";
				WRAPPER_EXTENSION = app;
			};
			name = Release;
		};
		7A7C200A160701B000ECB6C4 /* Debug */ = {
			isa = XCBuildConfiguration;
			buildSettings = {
				BUNDLE_LOADER = "$(BUILT_PRODUCTS_DIR)/PushTest.app/PushTest";
				FRAMEWORK_SEARCH_PATHS = (
					"\"$(SDKROOT)/Developer/Library/Frameworks\"",
					"\"$(DEVELOPER_LIBRARY_DIR)/Frameworks\"",
				);
				GCC_PRECOMPILE_PREFIX_HEADER = YES;
				GCC_PREFIX_HEADER = "PushTest/PushTest-Prefix.pch";
				INFOPLIST_FILE = "PushTestTests/PushTestTests-Info.plist";
				PRODUCT_NAME = "$(TARGET_NAME)";
				TEST_HOST = "$(BUNDLE_LOADER)";
				WRAPPER_EXTENSION = octest;
			};
			name = Debug;
		};
		7A7C200B160701B000ECB6C4 /* Release */ = {
			isa = XCBuildConfiguration;
			buildSettings = {
				BUNDLE_LOADER = "$(BUILT_PRODUCTS_DIR)/PushTest.app/PushTest";
				FRAMEWORK_SEARCH_PATHS = (
					"\"$(SDKROOT)/Developer/Library/Frameworks\"",
					"\"$(DEVELOPER_LIBRARY_DIR)/Frameworks\"",
				);
				GCC_PRECOMPILE_PREFIX_HEADER = YES;
				GCC_PREFIX_HEADER = "PushTest/PushTest-Prefix.pch";
				INFOPLIST_FILE = "PushTestTests/PushTestTests-Info.plist";
				PRODUCT_NAME = "$(TARGET_NAME)";
				TEST_HOST = "$(BUNDLE_LOADER)";
				WRAPPER_EXTENSION = octest;
			};
			name = Release;
		};
/* End XCBuildConfiguration section */

/* Begin XCConfigurationList section */
		7A7C1FCA160701AF00ECB6C4 /* Build configuration list for PBXProject "PushTest" */ = {
			isa = XCConfigurationList;
			buildConfigurations = (
				7A7C2004160701B000ECB6C4 /* Debug */,
				7A7C2005160701B000ECB6C4 /* Release */,
			);
			defaultConfigurationIsVisible = 0;
			defaultConfigurationName = Release;
		};
		7A7C2006160701B000ECB6C4 /* Build configuration list for PBXNativeTarget "PushTest" */ = {
			isa = XCConfigurationList;
			buildConfigurations = (
				7A7C2007160701B000ECB6C4 /* Debug */,
				7A7C2008160701B000ECB6C4 /* Release */,
			);
			defaultConfigurationIsVisible = 0;
			defaultConfigurationName = Release;
		};
		7A7C2009160701B000ECB6C4 /* Build configuration list for PBXNativeTarget "PushTestTests" */ = {
			isa = XCConfigurationList;
			buildConfigurations = (
				7A7C200A160701B000ECB6C4 /* Debug */,
				7A7C200B160701B000ECB6C4 /* Release */,
			);
			defaultConfigurationIsVisible = 0;
			defaultConfigurationName = Release;
		};
/* End XCConfigurationList section */
	};
	rootObject = 7A7C1FC7160701AF00ECB6C4 /* Project object */;
}
